// !$*UTF8*$!
{
	archiveVersion = 1;
	classes = {
	};
	objectVersion = 46;
	objects = {

/* Begin PBXBuildFile section */
		8DD17422181A1A7800C23868 /* Cocoa.framework in Frameworks */ = {isa = PBXBuildFile; fileRef = 8DD17421181A1A7800C23868 /* Cocoa.framework */; };
		8DD1742C181A1A7800C23868 /* InfoPlist.strings in Resources */ = {isa = PBXBuildFile; fileRef = 8DD1742A181A1A7800C23868 /* InfoPlist.strings */; };
		8DD1742E181A1A7800C23868 /* main.m in Sources */ = {isa = PBXBuildFile; fileRef = 8DD1742D181A1A7800C23868 /* main.m */; };
		8DD17432181A1A7800C23868 /* Credits.rtf in Resources */ = {isa = PBXBuildFile; fileRef = 8DD17430181A1A7800C23868 /* Credits.rtf */; };
		8DD17435181A1A7800C23868 /* CAAAppDelegate.m in Sources */ = {isa = PBXBuildFile; fileRef = 8DD17434181A1A7800C23868 /* CAAAppDelegate.m */; };
		8DD17438181A1A7800C23868 /* MainMenu.xib in Resources */ = {isa = PBXBuildFile; fileRef = 8DD17436181A1A7800C23868 /* MainMenu.xib */; };
		8DD1744D181A53A200C23868 /* Aha-Soft-Jewelry-Jeweler.icns in Resources */ = {isa = PBXBuildFile; fileRef = 8DD1744C181A53A200C23868 /* Aha-Soft-Jewelry-Jeweler.icns */; };
/* End PBXBuildFile section */

/* Begin PBXFileReference section */
		8DD1741E181A1A7800C23868 /* CrashAddressAnalyzer.app */ = {isa = PBXFileReference; explicitFileType = wrapper.application; includeInIndex = 0; path = CrashAddressAnalyzer.app; sourceTree = BUILT_PRODUCTS_DIR; };
		8DD17421181A1A7800C23868 /* Cocoa.framework */ = {isa = PBXFileReference; lastKnownFileType = wrapper.framework; name = Cocoa.framework; path = System/Library/Frameworks/Cocoa.framework; sourceTree = SDKROOT; };
		8DD17424181A1A7800C23868 /* AppKit.framework */ = {isa = PBXFileReference; lastKnownFileType = wrapper.framework; name = AppKit.framework; path = System/Library/Frameworks/AppKit.framework; sourceTree = SDKROOT; };
		8DD17425181A1A7800C23868 /* CoreData.framework */ = {isa = PBXFileReference; lastKnownFileType = wrapper.framework; name = CoreData.framework; path = System/Library/Frameworks/CoreData.framework; sourceTree = SDKROOT; };
		8DD17426181A1A7800C23868 /* Foundation.framework */ = {isa = PBXFileReference; lastKnownFileType = wrapper.framework; name = Foundation.framework; path = System/Library/Frameworks/Foundation.framework; sourceTree = SDKROOT; };
		8DD17429181A1A7800C23868 /* CrashAddressAnalyzer-Info.plist */ = {isa = PBXFileReference; lastKnownFileType = text.plist.xml; path = "CrashAddressAnalyzer-Info.plist"; sourceTree = "<group>"; };
		8DD1742B181A1A7800C23868 /* en */ = {isa = PBXFileReference; lastKnownFileType = text.plist.strings; name = en; path = en.lproj/InfoPlist.strings; sourceTree = "<group>"; };
		8DD1742D181A1A7800C23868 /* main.m */ = {isa = PBXFileReference; lastKnownFileType = sourcecode.c.objc; path = main.m; sourceTree = "<group>"; };
		8DD1742F181A1A7800C23868 /* CrashAddressAnalyzer-Prefix.pch */ = {isa = PBXFileReference; lastKnownFileType = sourcecode.c.h; path = "CrashAddressAnalyzer-Prefix.pch"; sourceTree = "<group>"; };
		8DD17431181A1A7800C23868 /* en */ = {isa = PBXFileReference; lastKnownFileType = text.rtf; name = en; path = en.lproj/Credits.rtf; sourceTree = "<group>"; };
		8DD17433181A1A7800C23868 /* CAAAppDelegate.h */ = {isa = PBXFileReference; lastKnownFileType = sourcecode.c.h; path = CAAAppDelegate.h; sourceTree = "<group>"; };
		8DD17434181A1A7800C23868 /* CAAAppDelegate.m */ = {isa = PBXFileReference; lastKnownFileType = sourcecode.c.objc; path = CAAAppDelegate.m; sourceTree = "<group>"; };
		8DD17437181A1A7800C23868 /* en */ = {isa = PBXFileReference; lastKnownFileType = file.xib; name = en; path = en.lproj/MainMenu.xib; sourceTree = "<group>"; };
		8DD1744C181A53A200C23868 /* Aha-Soft-Jewelry-Jeweler.icns */ = {isa = PBXFileReference; lastKnownFileType = image.icns; name = "Aha-Soft-Jewelry-Jeweler.icns"; path = "CrashAddressAnalyzer/Aha-Soft-Jewelry-Jeweler.icns"; sourceTree = "<group>"; };
/* End PBXFileReference section */

/* Begin PBXFrameworksBuildPhase section */
		8DD1741B181A1A7800C23868 /* Frameworks */ = {
			isa = PBXFrameworksBuildPhase;
			buildActionMask = 2147483647;
			files = (
				8DD17422181A1A7800C23868 /* Cocoa.framework in Frameworks */,
			);
			runOnlyForDeploymentPostprocessing = 0;
		};
/* End PBXFrameworksBuildPhase section */

/* Begin PBXGroup section */
		8DD17415181A1A7800C23868 = {
			isa = PBXGroup;
			children = (
				8DD1744C181A53A200C23868 /* Aha-Soft-Jewelry-Jeweler.icns */,
				8DD17427181A1A7800C23868 /* CrashAddressAnalyzer */,
				8DD17420181A1A7800C23868 /* Frameworks */,
				8DD1741F181A1A7800C23868 /* Products */,
			);
			sourceTree = "<group>";
		};
		8DD1741F181A1A7800C23868 /* Products */ = {
			isa = PBXGroup;
			children = (
				8DD1741E181A1A7800C23868 /* CrashAddressAnalyzer.app */,
			);
			name = Products;
			sourceTree = "<group>";
		};
		8DD17420181A1A7800C23868 /* Frameworks */ = {
			isa = PBXGroup;
			children = (
				8DD17421181A1A7800C23868 /* Cocoa.framework */,
				8DD17423181A1A7800C23868 /* Other Frameworks */,
			);
			name = Frameworks;
			sourceTree = "<group>";
		};
		8DD17423181A1A7800C23868 /* Other Frameworks */ = {
			isa = PBXGroup;
			children = (
				8DD17424181A1A7800C23868 /* AppKit.framework */,
				8DD17425181A1A7800C23868 /* CoreData.framework */,
				8DD17426181A1A7800C23868 /* Foundation.framework */,
			);
			name = "Other Frameworks";
			sourceTree = "<group>";
		};
		8DD17427181A1A7800C23868 /* CrashAddressAnalyzer */ = {
			isa = PBXGroup;
			children = (
				8DD17433181A1A7800C23868 /* CAAAppDelegate.h */,
				8DD17434181A1A7800C23868 /* CAAAppDelegate.m */,
				8DD17436181A1A7800C23868 /* MainMenu.xib */,
				8DD17428181A1A7800C23868 /* Supporting Files */,
			);
			path = CrashAddressAnalyzer;
			sourceTree = "<group>";
		};
		8DD17428181A1A7800C23868 /* Supporting Files */ = {
			isa = PBXGroup;
			children = (
				8DD17429181A1A7800C23868 /* CrashAddressAnalyzer-Info.plist */,
				8DD1742A181A1A7800C23868 /* InfoPlist.strings */,
				8DD1742D181A1A7800C23868 /* main.m */,
				8DD1742F181A1A7800C23868 /* CrashAddressAnalyzer-Prefix.pch */,
				8DD17430181A1A7800C23868 /* Credits.rtf */,
			);
			name = "Supporting Files";
			sourceTree = "<group>";
		};
/* End PBXGroup section */

/* Begin PBXNativeTarget section */
		8DD1741D181A1A7800C23868 /* CrashAddressAnalyzer */ = {
			isa = PBXNativeTarget;
			buildConfigurationList = 8DD1743B181A1A7800C23868 /* Build configuration list for PBXNativeTarget "CrashAddressAnalyzer" */;
			buildPhases = (
				8DD1741A181A1A7800C23868 /* Sources */,
				8DD1741B181A1A7800C23868 /* Frameworks */,
				8DD1741C181A1A7800C23868 /* Resources */,
			);
			buildRules = (
			);
			dependencies = (
			);
			name = CrashAddressAnalyzer;
			productName = CrashAddressAnalyzer;
			productReference = 8DD1741E181A1A7800C23868 /* CrashAddressAnalyzer.app */;
			productType = "com.apple.product-type.application";
		};
/* End PBXNativeTarget section */

/* Begin PBXProject section */
		8DD17416181A1A7800C23868 /* Project object */ = {
			isa = PBXProject;
			attributes = {
				CLASSPREFIX = CAA;
				LastUpgradeCheck = 0460;
				ORGANIZATIONNAME = sogou;
			};
			buildConfigurationList = 8DD17419181A1A7800C23868 /* Build configuration list for PBXProject "CrashAddressAnalyzer" */;
			compatibilityVersion = "Xcode 3.2";
			developmentRegion = English;
			hasScannedForEncodings = 0;
			knownRegions = (
				en,
			);
			mainGroup = 8DD17415181A1A7800C23868;
			productRefGroup = 8DD1741F181A1A7800C23868 /* Products */;
			projectDirPath = "";
			projectRoot = "";
			targets = (
				8DD1741D181A1A7800C23868 /* CrashAddressAnalyzer */,
			);
		};
/* End PBXProject section */

/* Begin PBXResourcesBuildPhase section */
		8DD1741C181A1A7800C23868 /* Resources */ = {
			isa = PBXResourcesBuildPhase;
			buildActionMask = 2147483647;
			files = (
				8DD1742C181A1A7800C23868 /* InfoPlist.strings in Resources */,
				8DD17432181A1A7800C23868 /* Credits.rtf in Resources */,
				8DD17438181A1A7800C23868 /* MainMenu.xib in Resources */,
				8DD1744D181A53A200C23868 /* Aha-Soft-Jewelry-Jeweler.icns in Resources */,
			);
			runOnlyForDeploymentPostprocessing = 0;
		};
/* End PBXResourcesBuildPhase section */

/* Begin PBXSourcesBuildPhase section */
		8DD1741A181A1A7800C23868 /* Sources */ = {
			isa = PBXSourcesBuildPhase;
			buildActionMask = 2147483647;
			files = (
				8DD1742E181A1A7800C23868 /* main.m in Sources */,
				8DD17435181A1A7800C23868 /* CAAAppDelegate.m in Sources */,
			);
			runOnlyForDeploymentPostprocessing = 0;
		};
/* End PBXSourcesBuildPhase section */

/* Begin PBXVariantGroup section */
		8DD1742A181A1A7800C23868 /* InfoPlist.strings */ = {
			isa = PBXVariantGroup;
			children = (
				8DD1742B181A1A7800C23868 /* en */,
			);
			name = InfoPlist.strings;
			sourceTree = "<group>";
		};
		8DD17430181A1A7800C23868 /* Credits.rtf */ = {
			isa = PBXVariantGroup;
			children = (
				8DD17431181A1A7800C23868 /* en */,
			);
			name = Credits.rtf;
			sourceTree = "<group>";
		};
		8DD17436181A1A7800C23868 /* MainMenu.xib */ = {
			isa = PBXVariantGroup;
			children = (
				8DD17437181A1A7800C23868 /* en */,
			);
			name = MainMenu.xib;
			sourceTree = "<group>";
		};
/* End PBXVariantGroup section */

/* Begin XCBuildConfiguration section */
		8DD17439181A1A7800C23868 /* Debug */ = {
			isa = XCBuildConfiguration;
			buildSettings = {
				ALWAYS_SEARCH_USER_PATHS = NO;
				ARCHS = "$(ARCHS_STANDARD_64_BIT)";
				CLANG_CXX_LANGUAGE_STANDARD = "gnu++0x";
				CLANG_CXX_LIBRARY = "libc++";
				CLANG_WARN_CONSTANT_CONVERSION = YES;
				CLANG_WARN_EMPTY_BODY = YES;
				CLANG_WARN_ENUM_CONVERSION = YES;
				CLANG_WARN_INT_CONVERSION = YES;
				CLANG_WARN__DUPLICATE_METHOD_MATCH = YES;
				COPY_PHASE_STRIP = NO;
				GCC_C_LANGUAGE_STANDARD = gnu99;
				GCC_DYNAMIC_NO_PIC = NO;
				GCC_ENABLE_OBJC_EXCEPTIONS = YES;
				GCC_OPTIMIZATION_LEVEL = 0;
				GCC_PREPROCESSOR_DEFINITIONS = (
					"DEBUG=1",
					"$(inherited)",
				);
				GCC_SYMBOLS_PRIVATE_EXTERN = NO;
				GCC_WARN_64_TO_32_BIT_CONVERSION = YES;
				GCC_WARN_ABOUT_RETURN_TYPE = YES;
				GCC_WARN_UNINITIALIZED_AUTOS = YES;
				GCC_WARN_UNUSED_VARIABLE = YES;
				MACOSX_DEPLOYMENT_TARGET = 10.7;
				ONLY_ACTIVE_ARCH = YES;
				SDKROOT = macosx;
			};
			name = Debug;
		};
		8DD1743A181A1A7800C23868 /* Release */ = {
			isa = XCBuildConfiguration;
			buildSettings = {
				ALWAYS_SEARCH_USER_PATHS = NO;
				ARCHS = "$(ARCHS_STANDARD_64_BIT)";
				CLANG_CXX_LANGUAGE_STANDARD = "gnu++0x";
				CLANG_CXX_LIBRARY = "libc++";
				CLANG_WARN_CONSTANT_CONVERSION = YES;
				CLANG_WARN_EMPTY_BODY = YES;
				CLANG_WARN_ENUM_CONVERSION = YES;
				CLANG_WARN_INT_CONVERSION = YES;
				CLANG_WARN__DUPLICATE_METHOD_MATCH = YES;
				COPY_PHASE_STRIP = YES;
				DEBUG_INFORMATION_FORMAT = "dwarf-with-dsym";
				GCC_C_LANGUAGE_STANDARD = gnu99;
				GCC_ENABLE_OBJC_EXCEPTIONS = YES;
				GCC_WARN_64_TO_32_BIT_CONVERSION = YES;
				GCC_WARN_ABOUT_RETURN_TYPE = YES;
				GCC_WARN_UNINITIALIZED_AUTOS = YES;
				GCC_WARN_UNUSED_VARIABLE = YES;
				MACOSX_DEPLOYMENT_TARGET = 10.7;
				SDKROOT = macosx;
			};
			name = Release;
		};
		8DD1743C181A1A7800C23868 /* Debug */ = {
			isa = XCBuildConfiguration;
			buildSettings = {
				COMBINE_HIDPI_IMAGES = YES;
				GCC_PRECOMPILE_PREFIX_HEADER = YES;
				GCC_PREFIX_HEADER = "CrashAddressAnalyzer/CrashAddressAnalyzer-Prefix.pch";
				INFOPLIST_FILE = "CrashAddressAnalyzer/CrashAddressAnalyzer-Info.plist";
				PRODUCT_NAME = "$(TARGET_NAME)";
				WRAPPER_EXTENSION = app;
			};
			name = Debug;
		};
		8DD1743D181A1A7800C23868 /* Release */ = {
			isa = XCBuildConfiguration;
			buildSettings = {
				COMBINE_HIDPI_IMAGES = YES;
				GCC_PRECOMPILE_PREFIX_HEADER = YES;
				GCC_PREFIX_HEADER = "CrashAddressAnalyzer/CrashAddressAnalyzer-Prefix.pch";
				INFOPLIST_FILE = "CrashAddressAnalyzer/CrashAddressAnalyzer-Info.plist";
				PRODUCT_NAME = "$(TARGET_NAME)";
				WRAPPER_EXTENSION = app;
			};
			name = Release;
		};
/* End XCBuildConfiguration section */

/* Begin XCConfigurationList section */
		8DD17419181A1A7800C23868 /* Build configuration list for PBXProject "CrashAddressAnalyzer" */ = {
			isa = XCConfigurationList;
			buildConfigurations = (
				8DD17439181A1A7800C23868 /* Debug */,
				8DD1743A181A1A7800C23868 /* Release */,
			);
			defaultConfigurationIsVisible = 0;
			defaultConfigurationName = Release;
		};
		8DD1743B181A1A7800C23868 /* Build configuration list for PBXNativeTarget "CrashAddressAnalyzer" */ = {
			isa = XCConfigurationList;
			buildConfigurations = (
				8DD1743C181A1A7800C23868 /* Debug */,
				8DD1743D181A1A7800C23868 /* Release */,
			);
			defaultConfigurationIsVisible = 0;
			defaultConfigurationName = Release;
		};
/* End XCConfigurationList section */
	};
	rootObject = 8DD17416181A1A7800C23868 /* Project object */;
}
